
Microsoft Visual Studio Solution File, Format Version 12.00
# Visual Studio Version 17
VisualStudioVersion = 17.10.35027.167
MinimumVisualStudioVersion = 10.0.40219.1
Project("{FAE04EC0-301F-11D3-BF4B-00C04F79EFBC}") = "AllinLobby.Api", "AllinLobbyAPI\AllinLobby.Api.csproj", "{89005BA8-BF05-4410-9EB7-C6AD9A05A2E7}"
EndProject
Project("{FAE04EC0-301F-11D3-BF4B-00C04F79EFBC}") = "AllinLobby.Bussiness", "AllinLobby.Bussiness\AllinLobby.Bussiness.csproj", "{EF84CBE2-7F90-40F0-9AAF-EF3A2241818C}"
EndProject
Project("{FAE04EC0-301F-11D3-BF4B-00C04F79EFBC}") = "AllinLobby.DataAccess", "AllinLobby.DataAccess\AllinLobby.DataAccess.csproj", "{B6BF72ED-1F7B-4C95-A557-8471C6937E11}"
EndProject
Project("{FAE04EC0-301F-11D3-BF4B-00C04F79EFBC}") = "AllinLobby.DTO", "AllinLobby.DTO\AllinLobby.DTO.csproj", "{E86031D3-69E1-4AE2-BB20-379AF109878C}"
EndProject
Project("{FAE04EC0-301F-11D3-BF4B-00C04F79EFBC}") = "AllinLobby.Entity", "AllinLobby.Entity\AllinLobby.Entity.csproj", "{A35FD4D4-9F0C-411D-B08A-D4DF7A955275}"
EndProject
Global
	GlobalSection(SolutionConfigurationPlatforms) = preSolution
		Debug|Any CPU = Debug|Any CPU
		Release|Any CPU = Release|Any CPU
	EndGlobalSection
	GlobalSection(ProjectConfigurationPlatforms) = postSolution
		{89005BA8-BF05-4410-9EB7-C6AD9A05A2E7}.Debug|Any CPU.ActiveCfg = Debug|Any CPU
		{89005BA8-BF05-4410-9EB7-C6AD9A05A2E7}.Debug|Any CPU.Build.0 = Debug|Any CPU
		{89005BA8-BF05-4410-9EB7-C6AD9A05A2E7}.Release|Any CPU.ActiveCfg = Release|Any CPU
		{89005BA8-BF05-4410-9EB7-C6AD9A05A2E7}.Release|Any CPU.Build.0 = Release|Any CPU
		{EF84CBE2-7F90-40F0-9AAF-EF3A2241818C}.Debug|Any CPU.ActiveCfg = Debug|Any CPU
		{EF84CBE2-7F90-40F0-9AAF-EF3A2241818C}.Debug|Any CPU.Build.0 = Debug|Any CPU
		{EF84CBE2-7F90-40F0-9AAF-EF3A2241818C}.Release|Any CPU.ActiveCfg = Release|Any CPU
		{EF84CBE2-7F90-40F0-9AAF-EF3A2241818C}.Release|Any CPU.Build.0 = Release|Any CPU
		{B6BF72ED-1F7B-4C95-A557-8471C6937E11}.Debug|Any CPU.ActiveCfg = Debug|Any CPU
		{B6BF72ED-1F7B-4C95-A557-8471C6937E11}.Debug|Any CPU.Build.0 = Debug|Any CPU
		{B6BF72ED-1F7B-4C95-A557-8471C6937E11}.Release|Any CPU.ActiveCfg = Release|Any CPU
		{B6BF72ED-1F7B-4C95-A557-8471C6937E11}.Release|Any CPU.Build.0 = Release|Any CPU
		{E86031D3-69E1-4AE2-BB20-379AF109878C}.Debug|Any CPU.ActiveCfg = Debug|Any CPU
		{E86031D3-69E1-4AE2-BB20-379AF109878C}.Debug|Any CPU.Build.0 = Debug|Any CPU
		{E86031D3-69E1-4AE2-BB20-379AF109878C}.Release|Any CPU.ActiveCfg = Release|Any CPU
		{E86031D3-69E1-4AE2-BB20-379AF109878C}.Release|Any CPU.Build.0 = Release|Any CPU
		{A35FD4D4-9F0C-411D-B08A-D4DF7A955275}.Debug|Any CPU.ActiveCfg = Debug|Any CPU
		{A35FD4D4-9F0C-411D-B08A-D4DF7A955275}.Debug|Any CPU.Build.0 = Debug|Any CPU
		{A35FD4D4-9F0C-411D-B08A-D4DF7A955275}.Release|Any CPU.ActiveCfg = Release|Any CPU
		{A35FD4D4-9F0C-411D-B08A-D4DF7A955275}.Release|Any CPU.Build.0 = Release|Any CPU
	EndGlobalSection
	GlobalSection(SolutionProperties) = preSolution
		HideSolutionNode = FALSE
	EndGlobalSection
	GlobalSection(ExtensibilityGlobals) = postSolution
		SolutionGuid = {AF459F34-A290-4943-AE0E-AA5E5493114D}
	EndGlobalSection
EndGlobal
